// !$*UTF8*$!
{
	archiveVersion = 1;
	classes = {
	};
	objectVersion = 55;
	objects = {

/* Begin PBXBuildFile section */
		524868DA2A93392600FB5B32 /* InformationView.swift in Sources */ = {isa = PBXBuildFile; fileRef = 524868D92A93392600FB5B32 /* InformationView.swift */; };
		524868DC2A99D42400FB5B32 /* StatisticsView.swift in Sources */ = {isa = PBXBuildFile; fileRef = 524868DB2A99D42400FB5B32 /* StatisticsView.swift */; };
		5265E3942A75472D0054012F /* AppSettingView.swift in Sources */ = {isa = PBXBuildFile; fileRef = 5265E3932A75472D0054012F /* AppSettingView.swift */; };
		526DBD862A6F7AC700E677A7 /* hab_chainApp.swift in Sources */ = {isa = PBXBuildFile; fileRef = 526DBD852A6F7AC700E677A7 /* hab_chainApp.swift */; };
		526DBD882A6F7AC700E677A7 /* ContentView.swift in Sources */ = {isa = PBXBuildFile; fileRef = 526DBD872A6F7AC700E677A7 /* ContentView.swift */; };
		526DBD8A2A6F7ACB00E677A7 /* Assets.xcassets in Resources */ = {isa = PBXBuildFile; fileRef = 526DBD892A6F7ACB00E677A7 /* Assets.xcassets */; };
		526DBD8D2A6F7ACB00E677A7 /* Preview Assets.xcassets in Resources */ = {isa = PBXBuildFile; fileRef = 526DBD8C2A6F7ACB00E677A7 /* Preview Assets.xcassets */; };
		526DBD942A6F7B9D00E677A7 /* ItemSettingView.swift in Sources */ = {isa = PBXBuildFile; fileRef = 526DBD932A6F7B9D00E677A7 /* ItemSettingView.swift */; };
		5298109D2A724B0B00CFA397 /* ItemAddView.swift in Sources */ = {isa = PBXBuildFile; fileRef = 5298109C2A724B0B00CFA397 /* ItemAddView.swift */; };
		52A064752A80B8FF0047BACA /* DataMngr.swift in Sources */ = {isa = PBXBuildFile; fileRef = 52A064742A80B8FF0047BACA /* DataMngr.swift */; };
		52A064762A80B8FF0047BACA /* DataMngr.swift in Sources */ = {isa = PBXBuildFile; fileRef = 52A064742A80B8FF0047BACA /* DataMngr.swift */; };
		52A3B40F2A8742EF00B7F286 /* ItemStatusEditView.swift in Sources */ = {isa = PBXBuildFile; fileRef = 52A3B40E2A8742EF00B7F286 /* ItemStatusEditView.swift */; };
		52AB823D2A7CD41C003052F8 /* WidgetKit.framework in Frameworks */ = {isa = PBXBuildFile; fileRef = 52AB823C2A7CD41C003052F8 /* WidgetKit.framework */; };
		52AB823F2A7CD41C003052F8 /* SwiftUI.framework in Frameworks */ = {isa = PBXBuildFile; fileRef = 52AB823E2A7CD41C003052F8 /* SwiftUI.framework */; };
		52AB82422A7CD41C003052F8 /* hab_chain_widget.swift in Sources */ = {isa = PBXBuildFile; fileRef = 52AB82412A7CD41C003052F8 /* hab_chain_widget.swift */; };
		52AB82442A7CD41D003052F8 /* Assets.xcassets in Resources */ = {isa = PBXBuildFile; fileRef = 52AB82432A7CD41D003052F8 /* Assets.xcassets */; };
		52AB82482A7CD41D003052F8 /* hab-chain-widgetExtension.appex in Embed App Extensions */ = {isa = PBXBuildFile; fileRef = 52AB823A2A7CD41C003052F8 /* hab-chain-widgetExtension.appex */; settings = {ATTRIBUTES = (RemoveHeadersOnCopy, ); }; };
		52AC46CC2A80BF29004DDD95 /* ColorMngr.swift in Sources */ = {isa = PBXBuildFile; fileRef = 52AC46CB2A80BF29004DDD95 /* ColorMngr.swift */; };
		52AC46CD2A80BF29004DDD95 /* ColorMngr.swift in Sources */ = {isa = PBXBuildFile; fileRef = 52AC46CB2A80BF29004DDD95 /* ColorMngr.swift */; };
		52E6801C2AA2FB7B00B0C82B /* SfSymbolMngr.swift in Sources */ = {isa = PBXBuildFile; fileRef = 52E6801B2AA2FB7B00B0C82B /* SfSymbolMngr.swift */; };
		52E6801D2AA2FB7B00B0C82B /* SfSymbolMngr.swift in Sources */ = {isa = PBXBuildFile; fileRef = 52E6801B2AA2FB7B00B0C82B /* SfSymbolMngr.swift */; };
		52E6801F2AA2FBE800B0C82B /* SelectIconView.swift in Sources */ = {isa = PBXBuildFile; fileRef = 52E6801E2AA2FBE800B0C82B /* SelectIconView.swift */; };
		52F96ECA2A7380B800C2226E /* ItemEditView.swift in Sources */ = {isa = PBXBuildFile; fileRef = 52F96EC92A7380B800C2226E /* ItemEditView.swift */; };
/* End PBXBuildFile section */

/* Begin PBXContainerItemProxy section */
		52AB82462A7CD41D003052F8 /* PBXContainerItemProxy */ = {
			isa = PBXContainerItemProxy;
			containerPortal = 526DBD7A2A6F7AC700E677A7 /* Project object */;
			proxyType = 1;
			remoteGlobalIDString = 52AB82392A7CD41C003052F8;
			remoteInfo = "hab-chain-widgetExtension";
		};
/* End PBXContainerItemProxy section */

/* Begin PBXCopyFilesBuildPhase section */
		52AB82492A7CD41D003052F8 /* Embed App Extensions */ = {
			isa = PBXCopyFilesBuildPhase;
			buildActionMask = 2147483647;
			dstPath = "";
			dstSubfolderSpec = 13;
			files = (
				52AB82482A7CD41D003052F8 /* hab-chain-widgetExtension.appex in Embed App Extensions */,
			);
			name = "Embed App Extensions";
			runOnlyForDeploymentPostprocessing = 0;
		};
/* End PBXCopyFilesBuildPhase section */

/* Begin PBXFileReference section */
		524868D92A93392600FB5B32 /* InformationView.swift */ = {isa = PBXFileReference; lastKnownFileType = sourcecode.swift; path = InformationView.swift; sourceTree = "<group>"; };
		524868DB2A99D42400FB5B32 /* StatisticsView.swift */ = {isa = PBXFileReference; lastKnownFileType = sourcecode.swift; path = StatisticsView.swift; sourceTree = "<group>"; };
		5265E3932A75472D0054012F /* AppSettingView.swift */ = {isa = PBXFileReference; lastKnownFileType = sourcecode.swift; path = AppSettingView.swift; sourceTree = "<group>"; };
		526DBD822A6F7AC700E677A7 /* hab-chain.app */ = {isa = PBXFileReference; explicitFileType = wrapper.application; includeInIndex = 0; path = "hab-chain.app"; sourceTree = BUILT_PRODUCTS_DIR; };
		526DBD852A6F7AC700E677A7 /* hab_chainApp.swift */ = {isa = PBXFileReference; lastKnownFileType = sourcecode.swift; path = hab_chainApp.swift; sourceTree = "<group>"; };
		526DBD872A6F7AC700E677A7 /* ContentView.swift */ = {isa = PBXFileReference; lastKnownFileType = sourcecode.swift; path = ContentView.swift; sourceTree = "<group>"; };
		526DBD892A6F7ACB00E677A7 /* Assets.xcassets */ = {isa = PBXFileReference; lastKnownFileType = folder.assetcatalog; path = Assets.xcassets; sourceTree = "<group>"; };
		526DBD8C2A6F7ACB00E677A7 /* Preview Assets.xcassets */ = {isa = PBXFileReference; lastKnownFileType = folder.assetcatalog; path = "Preview Assets.xcassets"; sourceTree = "<group>"; };
		526DBD932A6F7B9D00E677A7 /* ItemSettingView.swift */ = {isa = PBXFileReference; lastKnownFileType = sourcecode.swift; path = ItemSettingView.swift; sourceTree = "<group>"; };
		5298109C2A724B0B00CFA397 /* ItemAddView.swift */ = {isa = PBXFileReference; lastKnownFileType = sourcecode.swift; path = ItemAddView.swift; sourceTree = "<group>"; };
		52A064742A80B8FF0047BACA /* DataMngr.swift */ = {isa = PBXFileReference; fileEncoding = 4; lastKnownFileType = sourcecode.swift; path = DataMngr.swift; sourceTree = "<group>"; };
		52A3B40E2A8742EF00B7F286 /* ItemStatusEditView.swift */ = {isa = PBXFileReference; lastKnownFileType = sourcecode.swift; path = ItemStatusEditView.swift; sourceTree = "<group>"; };
		52AB823A2A7CD41C003052F8 /* hab-chain-widgetExtension.appex */ = {isa = PBXFileReference; explicitFileType = "wrapper.app-extension"; includeInIndex = 0; path = "hab-chain-widgetExtension.appex"; sourceTree = BUILT_PRODUCTS_DIR; };
		52AB823C2A7CD41C003052F8 /* WidgetKit.framework */ = {isa = PBXFileReference; lastKnownFileType = wrapper.framework; name = WidgetKit.framework; path = System/Library/Frameworks/WidgetKit.framework; sourceTree = SDKROOT; };
		52AB823E2A7CD41C003052F8 /* SwiftUI.framework */ = {isa = PBXFileReference; lastKnownFileType = wrapper.framework; name = SwiftUI.framework; path = System/Library/Frameworks/SwiftUI.framework; sourceTree = SDKROOT; };
		52AB82412A7CD41C003052F8 /* hab_chain_widget.swift */ = {isa = PBXFileReference; lastKnownFileType = sourcecode.swift; path = hab_chain_widget.swift; sourceTree = "<group>"; };
		52AB82432A7CD41D003052F8 /* Assets.xcassets */ = {isa = PBXFileReference; lastKnownFileType = folder.assetcatalog; name = Assets.xcassets; path = "hab-chain-widget/Assets.xcassets"; sourceTree = SOURCE_ROOT; };
		52AB82452A7CD41D003052F8 /* Info.plist */ = {isa = PBXFileReference; lastKnownFileType = text.plist.xml; path = Info.plist; sourceTree = "<group>"; };
		52AB82592A7E1D79003052F8 /* hab-chain.entitlements */ = {isa = PBXFileReference; lastKnownFileType = text.plist.entitlements; path = "hab-chain.entitlements"; sourceTree = "<group>"; };
		52AB825A2A7E1DC7003052F8 /* hab-chain-widgetExtension.entitlements */ = {isa = PBXFileReference; lastKnownFileType = text.plist.entitlements; path = "hab-chain-widgetExtension.entitlements"; sourceTree = "<group>"; };
		52AC46CB2A80BF29004DDD95 /* ColorMngr.swift */ = {isa = PBXFileReference; fileEncoding = 4; lastKnownFileType = sourcecode.swift; path = ColorMngr.swift; sourceTree = "<group>"; };
		52E6801B2AA2FB7B00B0C82B /* SfSymbolMngr.swift */ = {isa = PBXFileReference; lastKnownFileType = sourcecode.swift; path = SfSymbolMngr.swift; sourceTree = "<group>"; };
		52E6801E2AA2FBE800B0C82B /* SelectIconView.swift */ = {isa = PBXFileReference; lastKnownFileType = sourcecode.swift; path = SelectIconView.swift; sourceTree = "<group>"; };
		52F96EC92A7380B800C2226E /* ItemEditView.swift */ = {isa = PBXFileReference; lastKnownFileType = sourcecode.swift; path = ItemEditView.swift; sourceTree = "<group>"; };
/* End PBXFileReference section */

/* Begin PBXFrameworksBuildPhase section */
		526DBD7F2A6F7AC700E677A7 /* Frameworks */ = {
			isa = PBXFrameworksBuildPhase;
			buildActionMask = 2147483647;
			files = (
			);
			runOnlyForDeploymentPostprocessing = 0;
		};
		52AB82372A7CD41C003052F8 /* Frameworks */ = {
			isa = PBXFrameworksBuildPhase;
			buildActionMask = 2147483647;
			files = (
				52AB823F2A7CD41C003052F8 /* SwiftUI.framework in Frameworks */,
				52AB823D2A7CD41C003052F8 /* WidgetKit.framework in Frameworks */,
			);
			runOnlyForDeploymentPostprocessing = 0;
		};
/* End PBXFrameworksBuildPhase section */

/* Begin PBXGroup section */
		526DBD792A6F7AC700E677A7 = {
			isa = PBXGroup;
			children = (
				52A064732A80B8C30047BACA /* share */,
				52AB825A2A7E1DC7003052F8 /* hab-chain-widgetExtension.entitlements */,
				526DBD842A6F7AC700E677A7 /* hab-chain */,
				52AB82402A7CD41C003052F8 /* hab-chain-widget */,
				52AB823B2A7CD41C003052F8 /* Frameworks */,
				526DBD832A6F7AC700E677A7 /* Products */,
			);
			sourceTree = "<group>";
		};
		526DBD832A6F7AC700E677A7 /* Products */ = {
			isa = PBXGroup;
			children = (
				526DBD822A6F7AC700E677A7 /* hab-chain.app */,
				52AB823A2A7CD41C003052F8 /* hab-chain-widgetExtension.appex */,
			);
			name = Products;
			sourceTree = "<group>";
		};
		526DBD842A6F7AC700E677A7 /* hab-chain */ = {
			isa = PBXGroup;
			children = (
				52AB82592A7E1D79003052F8 /* hab-chain.entitlements */,
				526DBD852A6F7AC700E677A7 /* hab_chainApp.swift */,
				526DBD872A6F7AC700E677A7 /* ContentView.swift */,
				5265E3932A75472D0054012F /* AppSettingView.swift */,
				524868D92A93392600FB5B32 /* InformationView.swift */,
				524868DB2A99D42400FB5B32 /* StatisticsView.swift */,
				526DBD932A6F7B9D00E677A7 /* ItemSettingView.swift */,
				52A3B40E2A8742EF00B7F286 /* ItemStatusEditView.swift */,
				5298109C2A724B0B00CFA397 /* ItemAddView.swift */,
				52F96EC92A7380B800C2226E /* ItemEditView.swift */,
				52E6801E2AA2FBE800B0C82B /* SelectIconView.swift */,
				526DBD892A6F7ACB00E677A7 /* Assets.xcassets */,
				526DBD8B2A6F7ACB00E677A7 /* Preview Content */,
			);
			path = "hab-chain";
			sourceTree = "<group>";
		};
		526DBD8B2A6F7ACB00E677A7 /* Preview Content */ = {
			isa = PBXGroup;
			children = (
				526DBD8C2A6F7ACB00E677A7 /* Preview Assets.xcassets */,
			);
			path = "Preview Content";
			sourceTree = "<group>";
		};
		52A064732A80B8C30047BACA /* share */ = {
			isa = PBXGroup;
			children = (
				52AC46CB2A80BF29004DDD95 /* ColorMngr.swift */,
				52A064742A80B8FF0047BACA /* DataMngr.swift */,
				52E6801B2AA2FB7B00B0C82B /* SfSymbolMngr.swift */,
			);
			path = share;
			sourceTree = "<group>";
		};
		52AB823B2A7CD41C003052F8 /* Frameworks */ = {
			isa = PBXGroup;
			children = (
				52AB823C2A7CD41C003052F8 /* WidgetKit.framework */,
				52AB823E2A7CD41C003052F8 /* SwiftUI.framework */,
			);
			name = Frameworks;
			sourceTree = "<group>";
		};
		52AB82402A7CD41C003052F8 /* hab-chain-widget */ = {
			isa = PBXGroup;
			children = (
				52AB82412A7CD41C003052F8 /* hab_chain_widget.swift */,
				52AB82432A7CD41D003052F8 /* Assets.xcassets */,
				52AB82452A7CD41D003052F8 /* Info.plist */,
			);
			path = "hab-chain-widget";
			sourceTree = "<group>";
		};
/* End PBXGroup section */

/* Begin PBXNativeTarget section */
		526DBD812A6F7AC700E677A7 /* hab-chain */ = {
			isa = PBXNativeTarget;
			buildConfigurationList = 526DBD902A6F7ACB00E677A7 /* Build configuration list for PBXNativeTarget "hab-chain" */;
			buildPhases = (
				526DBD7E2A6F7AC700E677A7 /* Sources */,
				526DBD7F2A6F7AC700E677A7 /* Frameworks */,
				526DBD802A6F7AC700E677A7 /* Resources */,
				52AB82492A7CD41D003052F8 /* Embed App Extensions */,
			);
			buildRules = (
			);
			dependencies = (
				52AB82472A7CD41D003052F8 /* PBXTargetDependency */,
			);
			name = "hab-chain";
			packageProductDependencies = (
			);
			productName = "hab-chain";
			productReference = 526DBD822A6F7AC700E677A7 /* hab-chain.app */;
			productType = "com.apple.product-type.application";
		};
		52AB82392A7CD41C003052F8 /* hab-chain-widgetExtension */ = {
			isa = PBXNativeTarget;
			buildConfigurationList = 52AB824C2A7CD41D003052F8 /* Build configuration list for PBXNativeTarget "hab-chain-widgetExtension" */;
			buildPhases = (
				52AB82362A7CD41C003052F8 /* Sources */,
				52AB82372A7CD41C003052F8 /* Frameworks */,
				52AB82382A7CD41C003052F8 /* Resources */,
			);
			buildRules = (
			);
			dependencies = (
			);
			name = "hab-chain-widgetExtension";
			productName = "hab-chain-widgetExtension";
			productReference = 52AB823A2A7CD41C003052F8 /* hab-chain-widgetExtension.appex */;
			productType = "com.apple.product-type.app-extension";
		};
/* End PBXNativeTarget section */

/* Begin PBXProject section */
		526DBD7A2A6F7AC700E677A7 /* Project object */ = {
			isa = PBXProject;
			attributes = {
				BuildIndependentTargetsInParallel = 1;
				LastSwiftUpdateCheck = 1340;
				LastUpgradeCheck = 1340;
				TargetAttributes = {
					526DBD812A6F7AC700E677A7 = {
						CreatedOnToolsVersion = 13.4.1;
					};
					52AB82392A7CD41C003052F8 = {
						CreatedOnToolsVersion = 13.4.1;
					};
				};
			};
			buildConfigurationList = 526DBD7D2A6F7AC700E677A7 /* Build configuration list for PBXProject "hab-chain" */;
			compatibilityVersion = "Xcode 13.0";
			developmentRegion = en;
			hasScannedForEncodings = 0;
			knownRegions = (
				en,
				Base,
			);
			mainGroup = 526DBD792A6F7AC700E677A7;
			packageReferences = (
			);
			productRefGroup = 526DBD832A6F7AC700E677A7 /* Products */;
			projectDirPath = "";
			projectRoot = "";
			targets = (
				526DBD812A6F7AC700E677A7 /* hab-chain */,
				52AB82392A7CD41C003052F8 /* hab-chain-widgetExtension */,
			);
		};
/* End PBXProject section */

/* Begin PBXResourcesBuildPhase section */
		526DBD802A6F7AC700E677A7 /* Resources */ = {
			isa = PBXResourcesBuildPhase;
			buildActionMask = 2147483647;
			files = (
				526DBD8D2A6F7ACB00E677A7 /* Preview Assets.xcassets in Resources */,
				526DBD8A2A6F7ACB00E677A7 /* Assets.xcassets in Resources */,
			);
			runOnlyForDeploymentPostprocessing = 0;
		};
		52AB82382A7CD41C003052F8 /* Resources */ = {
			isa = PBXResourcesBuildPhase;
			buildActionMask = 2147483647;
			files = (
				52AB82442A7CD41D003052F8 /* Assets.xcassets in Resources */,
			);
			runOnlyForDeploymentPostprocessing = 0;
		};
/* End PBXResourcesBuildPhase section */

/* Begin PBXSourcesBuildPhase section */
		526DBD7E2A6F7AC700E677A7 /* Sources */ = {
			isa = PBXSourcesBuildPhase;
			buildActionMask = 2147483647;
			files = (
				52E6801C2AA2FB7B00B0C82B /* SfSymbolMngr.swift in Sources */,
				52A3B40F2A8742EF00B7F286 /* ItemStatusEditView.swift in Sources */,
				526DBD942A6F7B9D00E677A7 /* ItemSettingView.swift in Sources */,
				52F96ECA2A7380B800C2226E /* ItemEditView.swift in Sources */,
				52E6801F2AA2FBE800B0C82B /* SelectIconView.swift in Sources */,
				526DBD882A6F7AC700E677A7 /* ContentView.swift in Sources */,
				5265E3942A75472D0054012F /* AppSettingView.swift in Sources */,
				524868DA2A93392600FB5B32 /* InformationView.swift in Sources */,
				526DBD862A6F7AC700E677A7 /* hab_chainApp.swift in Sources */,
				52AC46CC2A80BF29004DDD95 /* ColorMngr.swift in Sources */,
				524868DC2A99D42400FB5B32 /* StatisticsView.swift in Sources */,
				5298109D2A724B0B00CFA397 /* ItemAddView.swift in Sources */,
				52A064752A80B8FF0047BACA /* DataMngr.swift in Sources */,
			);
			runOnlyForDeploymentPostprocessing = 0;
		};
		52AB82362A7CD41C003052F8 /* Sources */ = {
			isa = PBXSourcesBuildPhase;
			buildActionMask = 2147483647;
			files = (
				52E6801D2AA2FB7B00B0C82B /* SfSymbolMngr.swift in Sources */,
				52AB82422A7CD41C003052F8 /* hab_chain_widget.swift in Sources */,
				52A064762A80B8FF0047BACA /* DataMngr.swift in Sources */,
				52AC46CD2A80BF29004DDD95 /* ColorMngr.swift in Sources */,
			);
			runOnlyForDeploymentPostprocessing = 0;
		};
/* End PBXSourcesBuildPhase section */

/* Begin PBXTargetDependency section */
		52AB82472A7CD41D003052F8 /* PBXTargetDependency */ = {
			isa = PBXTargetDependency;
			target = 52AB82392A7CD41C003052F8 /* hab-chain-widgetExtension */;
			targetProxy = 52AB82462A7CD41D003052F8 /* PBXContainerItemProxy */;
		};
/* End PBXTargetDependency section */

/* Begin XCBuildConfiguration section */
		526DBD8E2A6F7ACB00E677A7 /* Debug */ = {
			isa = XCBuildConfiguration;
			buildSettings = {
				ALWAYS_SEARCH_USER_PATHS = NO;
				CLANG_ANALYZER_NONNULL = YES;
				CLANG_ANALYZER_NUMBER_OBJECT_CONVERSION = YES_AGGRESSIVE;
				CLANG_CXX_LANGUAGE_STANDARD = "gnu++17";
				CLANG_ENABLE_MODULES = YES;
				CLANG_ENABLE_OBJC_ARC = YES;
				CLANG_ENABLE_OBJC_WEAK = YES;
				CLANG_WARN_BLOCK_CAPTURE_AUTORELEASING = YES;
				CLANG_WARN_BOOL_CONVERSION = YES;
				CLANG_WARN_COMMA = YES;
				CLANG_WARN_CONSTANT_CONVERSION = YES;
				CLANG_WARN_DEPRECATED_OBJC_IMPLEMENTATIONS = YES;
				CLANG_WARN_DIRECT_OBJC_ISA_USAGE = YES_ERROR;
				CLANG_WARN_DOCUMENTATION_COMMENTS = YES;
				CLANG_WARN_EMPTY_BODY = YES;
				CLANG_WARN_ENUM_CONVERSION = YES;
				CLANG_WARN_INFINITE_RECURSION = YES;
				CLANG_WARN_INT_CONVERSION = YES;
				CLANG_WARN_NON_LITERAL_NULL_CONVERSION = YES;
				CLANG_WARN_OBJC_IMPLICIT_RETAIN_SELF = YES;
				CLANG_WARN_OBJC_LITERAL_CONVERSION = YES;
				CLANG_WARN_OBJC_ROOT_CLASS = YES_ERROR;
				CLANG_WARN_QUOTED_INCLUDE_IN_FRAMEWORK_HEADER = YES;
				CLANG_WARN_RANGE_LOOP_ANALYSIS = YES;
				CLANG_WARN_STRICT_PROTOTYPES = YES;
				CLANG_WARN_SUSPICIOUS_MOVE = YES;
				CLANG_WARN_UNGUARDED_AVAILABILITY = YES_AGGRESSIVE;
				CLANG_WARN_UNREACHABLE_CODE = YES;
				CLANG_WARN__DUPLICATE_METHOD_MATCH = YES;
				COPY_PHASE_STRIP = NO;
				DEBUG_INFORMATION_FORMAT = dwarf;
				ENABLE_STRICT_OBJC_MSGSEND = YES;
				ENABLE_TESTABILITY = YES;
				GCC_C_LANGUAGE_STANDARD = gnu11;
				GCC_DYNAMIC_NO_PIC = NO;
				GCC_NO_COMMON_BLOCKS = YES;
				GCC_OPTIMIZATION_LEVEL = 0;
				GCC_PREPROCESSOR_DEFINITIONS = (
					"DEBUG=1",
					"$(inherited)",
				);
				GCC_WARN_64_TO_32_BIT_CONVERSION = YES;
				GCC_WARN_ABOUT_RETURN_TYPE = YES_ERROR;
				GCC_WARN_UNDECLARED_SELECTOR = YES;
				GCC_WARN_UNINITIALIZED_AUTOS = YES_AGGRESSIVE;
				GCC_WARN_UNUSED_FUNCTION = YES;
				GCC_WARN_UNUSED_VARIABLE = YES;
				IPHONEOS_DEPLOYMENT_TARGET = 15.5;
				MTL_ENABLE_DEBUG_INFO = INCLUDE_SOURCE;
				MTL_FAST_MATH = YES;
				ONLY_ACTIVE_ARCH = YES;
				SDKROOT = iphoneos;
				SWIFT_ACTIVE_COMPILATION_CONDITIONS = DEBUG;
				SWIFT_OPTIMIZATION_LEVEL = "-Onone";
			};
			name = Debug;
		};
		526DBD8F2A6F7ACB00E677A7 /* Release */ = {
			isa = XCBuildConfiguration;
			buildSettings = {
				ALWAYS_SEARCH_USER_PATHS = NO;
				CLANG_ANALYZER_NONNULL = YES;
				CLANG_ANALYZER_NUMBER_OBJECT_CONVERSION = YES_AGGRESSIVE;
				CLANG_CXX_LANGUAGE_STANDARD = "gnu++17";
				CLANG_ENABLE_MODULES = YES;
				CLANG_ENABLE_OBJC_ARC = YES;
				CLANG_ENABLE_OBJC_WEAK = YES;
				CLANG_WARN_BLOCK_CAPTURE_AUTORELEASING = YES;
				CLANG_WARN_BOOL_CONVERSION = YES;
				CLANG_WARN_COMMA = YES;
				CLANG_WARN_CONSTANT_CONVERSION = YES;
				CLANG_WARN_DEPRECATED_OBJC_IMPLEMENTATIONS = YES;
				CLANG_WARN_DIRECT_OBJC_ISA_USAGE = YES_ERROR;
				CLANG_WARN_DOCUMENTATION_COMMENTS = YES;
				CLANG_WARN_EMPTY_BODY = YES;
				CLANG_WARN_ENUM_CONVERSION = YES;
				CLANG_WARN_INFINITE_RECURSION = YES;
				CLANG_WARN_INT_CONVERSION = YES;
				CLANG_WARN_NON_LITERAL_NULL_CONVERSION = YES;
				CLANG_WARN_OBJC_IMPLICIT_RETAIN_SELF = YES;
				CLANG_WARN_OBJC_LITERAL_CONVERSION = YES;
				CLANG_WARN_OBJC_ROOT_CLASS = YES_ERROR;
				CLANG_WARN_QUOTED_INCLUDE_IN_FRAMEWORK_HEADER = YES;
				CLANG_WARN_RANGE_LOOP_ANALYSIS = YES;
				CLANG_WARN_STRICT_PROTOTYPES = YES;
				CLANG_WARN_SUSPICIOUS_MOVE = YES;
				CLANG_WARN_UNGUARDED_AVAILABILITY = YES_AGGRESSIVE;
				CLANG_WARN_UNREACHABLE_CODE = YES;
				CLANG_WARN__DUPLICATE_METHOD_MATCH = YES;
				COPY_PHASE_STRIP = NO;
				DEBUG_INFORMATION_FORMAT = "dwarf-with-dsym";
				ENABLE_NS_ASSERTIONS = NO;
				ENABLE_STRICT_OBJC_MSGSEND = YES;
				GCC_C_LANGUAGE_STANDARD = gnu11;
				GCC_NO_COMMON_BLOCKS = YES;
				GCC_WARN_64_TO_32_BIT_CONVERSION = YES;
				GCC_WARN_ABOUT_RETURN_TYPE = YES_ERROR;
				GCC_WARN_UNDECLARED_SELECTOR = YES;
				GCC_WARN_UNINITIALIZED_AUTOS = YES_AGGRESSIVE;
				GCC_WARN_UNUSED_FUNCTION = YES;
				GCC_WARN_UNUSED_VARIABLE = YES;
				IPHONEOS_DEPLOYMENT_TARGET = 15.5;
				MTL_ENABLE_DEBUG_INFO = NO;
				MTL_FAST_MATH = YES;
				SDKROOT = iphoneos;
				SWIFT_COMPILATION_MODE = wholemodule;
				SWIFT_OPTIMIZATION_LEVEL = "-O";
				VALIDATE_PRODUCT = YES;
			};
			name = Release;
		};
		526DBD912A6F7ACB00E677A7 /* Debug */ = {
			isa = XCBuildConfiguration;
			buildSettings = {
				ALWAYS_EMBED_SWIFT_STANDARD_LIBRARIES = YES;
				ASSETCATALOG_COMPILER_APPICON_NAME = AppIcon;
				ASSETCATALOG_COMPILER_GLOBAL_ACCENT_COLOR_NAME = AccentColor;
				CODE_SIGN_ENTITLEMENTS = "hab-chain/hab-chain.entitlements";
				CODE_SIGN_STYLE = Automatic;
				CURRENT_PROJECT_VERSION = 1;
				DEVELOPMENT_ASSET_PATHS = "\"hab-chain/Preview Content\"";
				DEVELOPMENT_TEAM = VDWW797FQX;
				ENABLE_PREVIEWS = YES;
				GENERATE_INFOPLIST_FILE = YES;
				INFOPLIST_KEY_UIApplicationSceneManifest_Generation = YES;
				INFOPLIST_KEY_UIApplicationSupportsIndirectInputEvents = YES;
				INFOPLIST_KEY_UILaunchScreen_Generation = YES;
				INFOPLIST_KEY_UISupportedInterfaceOrientations_iPad = "UIInterfaceOrientationPortrait UIInterfaceOrientationPortraitUpsideDown UIInterfaceOrientationLandscapeLeft UIInterfaceOrientationLandscapeRight";
				INFOPLIST_KEY_UISupportedInterfaceOrientations_iPhone = "UIInterfaceOrientationPortrait UIInterfaceOrientationLandscapeLeft UIInterfaceOrientationLandscapeRight";
				LD_RUNPATH_SEARCH_PATHS = (
					"$(inherited)",
					"@executable_path/Frameworks",
				);
				MARKETING_VERSION = 1.0;
				PRODUCT_BUNDLE_IDENTIFIER = "draemon-ash2.hab-chain";
				PRODUCT_NAME = "$(TARGET_NAME)";
				SWIFT_EMIT_LOC_STRINGS = YES;
				SWIFT_VERSION = 5.0;
				TARGETED_DEVICE_FAMILY = "1,2";
			};
			name = Debug;
		};
		526DBD922A6F7ACB00E677A7 /* Release */ = {
			isa = XCBuildConfiguration;
			buildSettings = {
				ALWAYS_EMBED_SWIFT_STANDARD_LIBRARIES = YES;
				ASSETCATALOG_COMPILER_APPICON_NAME = AppIcon;
				ASSETCATALOG_COMPILER_GLOBAL_ACCENT_COLOR_NAME = AccentColor;
				CODE_SIGN_ENTITLEMENTS = "hab-chain/hab-chain.entitlements";
				CODE_SIGN_STYLE = Automatic;
				CURRENT_PROJECT_VERSION = 1;
				DEVELOPMENT_ASSET_PATHS = "\"hab-chain/Preview Content\"";
				DEVELOPMENT_TEAM = VDWW797FQX;
				ENABLE_PREVIEWS = YES;
				GENERATE_INFOPLIST_FILE = YES;
				INFOPLIST_KEY_UIApplicationSceneManifest_Generation = YES;
				INFOPLIST_KEY_UIApplicationSupportsIndirectInputEvents = YES;
				INFOPLIST_KEY_UILaunchScreen_Generation = YES;
				INFOPLIST_KEY_UISupportedInterfaceOrientations_iPad = "UIInterfaceOrientationPortrait UIInterfaceOrientationPortraitUpsideDown UIInterfaceOrientationLandscapeLeft UIInterfaceOrientationLandscapeRight";
				INFOPLIST_KEY_UISupportedInterfaceOrientations_iPhone = "UIInterfaceOrientationPortrait UIInterfaceOrientationLandscapeLeft UIInterfaceOrientationLandscapeRight";
				LD_RUNPATH_SEARCH_PATHS = (
					"$(inherited)",
					"@executable_path/Frameworks",
				);
				MARKETING_VERSION = 1.0;
				PRODUCT_BUNDLE_IDENTIFIER = "draemon-ash2.hab-chain";
				PRODUCT_NAME = "$(TARGET_NAME)";
				SWIFT_EMIT_LOC_STRINGS = YES;
				SWIFT_VERSION = 5.0;
				TARGETED_DEVICE_FAMILY = "1,2";
			};
			name = Release;
		};
		52AB824A2A7CD41D003052F8 /* Debug */ = {
			isa = XCBuildConfiguration;
			buildSettings = {
				ASSETCATALOG_COMPILER_GLOBAL_ACCENT_COLOR_NAME = AccentColor;
				ASSETCATALOG_COMPILER_WIDGET_BACKGROUND_COLOR_NAME = WidgetBackground;
				CODE_SIGN_ENTITLEMENTS = "hab-chain-widgetExtension.entitlements";
				CODE_SIGN_STYLE = Automatic;
				CURRENT_PROJECT_VERSION = 1;
				DEVELOPMENT_TEAM = VDWW797FQX;
				GENERATE_INFOPLIST_FILE = YES;
				INFOPLIST_FILE = "hab-chain-widget/Info.plist";
				INFOPLIST_KEY_CFBundleDisplayName = "hab-chain-widget";
				INFOPLIST_KEY_NSHumanReadableCopyright = "";
				LD_RUNPATH_SEARCH_PATHS = (
					"$(inherited)",
					"@executable_path/Frameworks",
					"@executable_path/../../Frameworks",
				);
				MARKETING_VERSION = 1.0;
				PRODUCT_BUNDLE_IDENTIFIER = "draemon-ash2.hab-chain.hab-chain-widget";
				PRODUCT_NAME = "$(TARGET_NAME)";
				SKIP_INSTALL = YES;
				SWIFT_EMIT_LOC_STRINGS = YES;
				SWIFT_VERSION = 5.0;
				TARGETED_DEVICE_FAMILY = "1,2";
			};
			name = Debug;
		};
		52AB824B2A7CD41D003052F8 /* Release */ = {
			isa = XCBuildConfiguration;
			buildSettings = {
				ASSETCATALOG_COMPILER_GLOBAL_ACCENT_COLOR_NAME = AccentColor;
				ASSETCATALOG_COMPILER_WIDGET_BACKGROUND_COLOR_NAME = WidgetBackground;
				CODE_SIGN_ENTITLEMENTS = "hab-chain-widgetExtension.entitlements";
				CODE_SIGN_STYLE = Automatic;
				CURRENT_PROJECT_VERSION = 1;
				DEVELOPMENT_TEAM = VDWW797FQX;
				GENERATE_INFOPLIST_FILE = YES;
				INFOPLIST_FILE = "hab-chain-widget/Info.plist";
				INFOPLIST_KEY_CFBundleDisplayName = "hab-chain-widget";
				INFOPLIST_KEY_NSHumanReadableCopyright = "";
				LD_RUNPATH_SEARCH_PATHS = (
					"$(inherited)",
					"@executable_path/Frameworks",
					"@executable_path/../../Frameworks",
				);
				MARKETING_VERSION = 1.0;
				PRODUCT_BUNDLE_IDENTIFIER = "draemon-ash2.hab-chain.hab-chain-widget";
				PRODUCT_NAME = "$(TARGET_NAME)";
				SKIP_INSTALL = YES;
				SWIFT_EMIT_LOC_STRINGS = YES;
				SWIFT_VERSION = 5.0;
				TARGETED_DEVICE_FAMILY = "1,2";
			};
			name = Release;
		};
/* End XCBuildConfiguration section */

/* Begin XCConfigurationList section */
		526DBD7D2A6F7AC700E677A7 /* Build configuration list for PBXProject "hab-chain" */ = {
			isa = XCConfigurationList;
			buildConfigurations = (
				526DBD8E2A6F7ACB00E677A7 /* Debug */,
				526DBD8F2A6F7ACB00E677A7 /* Release */,
			);
			defaultConfigurationIsVisible = 0;
			defaultConfigurationName = Release;
		};
		526DBD902A6F7ACB00E677A7 /* Build configuration list for PBXNativeTarget "hab-chain" */ = {
			isa = XCConfigurationList;
			buildConfigurations = (
				526DBD912A6F7ACB00E677A7 /* Debug */,
				526DBD922A6F7ACB00E677A7 /* Release */,
			);
			defaultConfigurationIsVisible = 0;
			defaultConfigurationName = Release;
		};
		52AB824C2A7CD41D003052F8 /* Build configuration list for PBXNativeTarget "hab-chain-widgetExtension" */ = {
			isa = XCConfigurationList;
			buildConfigurations = (
				52AB824A2A7CD41D003052F8 /* Debug */,
				52AB824B2A7CD41D003052F8 /* Release */,
			);
			defaultConfigurationIsVisible = 0;
			defaultConfigurationName = Release;
		};
/* End XCConfigurationList section */
	};
	rootObject = 526DBD7A2A6F7AC700E677A7 /* Project object */;
}
